PODS:
  - DJukeboxClient (0.0.1):
    - DJukeboxCommon
  - DJukeboxCommon (0.0.1)

DEPENDENCIES:
  - DJukeboxClient (from `../../DjukeboxClient`)
  - DJukeboxCommon (from `../../DjukeboxCommon`)

EXTERNAL SOURCES:
  DJukeboxClient:
    :path: "../../DjukeboxClient"
  DJukeboxCommon:
    :path: "../../DjukeboxCommon"

SPEC CHECKSUMS:
  DJukeboxClient: 59dfe1811211d1959f65cf9eb5b60ad95a9fb304
  DJukeboxCommon: 8f9d29f8cbdf7329530b3943f7f67cc82980378c

PODFILE CHECKSUM: 9c2c0261e00a98c052064d912c05b3827803da17

COCOAPODS: 1.16.2
