PODS:
  - DJukeboxClient (0.0.1):
    - DJukeboxCommon
  - DJukeboxCommon (0.0.1)

DEPENDENCIES:
  - DJukeboxClient (from `../../DjukeboxClient`)
  - DJukeboxCommon (from `../../DjukeboxCommon`)

EXTERNAL SOURCES:
  DJukeboxClient:
    :path: "../../DjukeboxClient"
  DJukeboxCommon:
    :path: "../../DjukeboxCommon"

SPEC CHECKSUMS:
  DJukeboxClient: 78a59cf86b7f169d53feb7f0ccd9b98fc1df7765
  DJukeboxCommon: 8f9d29f8cbdf7329530b3943f7f67cc82980378c

PODFILE CHECKSUM: 286c2d0aa537be2268b0ac3825aefbe8f73b79c9

COCOAPODS: 1.7.2
