PODS:
  - DJukeboxClient (0.0.1):
    - DJukeboxCommon
  - DJukeboxCommon (0.0.1)

DEPENDENCIES:
  - DJukeboxClient (from `../../DjukeboxClient`)
  - DJukeboxCommon (from `../../DjukeboxCommon`)

EXTERNAL SOURCES:
  DJukeboxClient:
    :path: "../../DjukeboxClient"
  DJukeboxCommon:
    :path: "../../DjukeboxCommon"

SPEC CHECKSUMS:
  DJukeboxClient: 59dfe1811211d1959f65cf9eb5b60ad95a9fb304
  DJukeboxCommon: 8f9d29f8cbdf7329530b3943f7f67cc82980378c

PODFILE CHECKSUM: da6a4cf3edd102324b8582bf33b1e08fe0d921df

COCOAPODS: 1.16.2
