PODS:
  - DJukeboxClient (0.0.1):
    - DJukeboxCommon
  - DJukeboxCommon (0.0.1)

DEPENDENCIES:
  - DJukeboxClient (from `../../DjukeboxClient`)
  - DJukeboxCommon (from `../../DjukeboxCommon`)

EXTERNAL SOURCES:
  DJukeboxClient:
    :path: "../../DjukeboxClient"
  DJukeboxCommon:
    :path: "../../DjukeboxCommon"

SPEC CHECKSUMS:
  DJukeboxClient: 78a59cf86b7f169d53feb7f0ccd9b98fc1df7765
  DJukeboxCommon: 8f9d29f8cbdf7329530b3943f7f67cc82980378c

PODFILE CHECKSUM: de5a92125ca3eeceeca5030712f22b798e2164b4

COCOAPODS: 1.16.2
